
Microsoft Visual Studio Solution File, Format Version 12.00
# Visual Studio Version 17
VisualStudioVersion = 17.2.32630.192
MinimumVisualStudioVersion = 10.0.40219.1
Project("{FAE04EC0-301F-11D3-BF4B-00C04F79EFBC}") = "GestContact", "GestContact\GestContact.csproj", "{2A0E59EE-575E-4482-941D-D965BF27AFEC}"
EndProject
Global
	GlobalSection(SolutionConfigurationPlatforms) = preSolution
		Debug|Any CPU = Debug|Any CPU
		Release|Any CPU = Release|Any CPU
	EndGlobalSection
	GlobalSection(ProjectConfigurationPlatforms) = postSolution
		{2A0E59EE-575E-4482-941D-D965BF27AFEC}.Debug|Any CPU.ActiveCfg = Debug|Any CPU
		{2A0E59EE-575E-4482-941D-D965BF27AFEC}.Debug|Any CPU.Build.0 = Debug|Any CPU
		{2A0E59EE-575E-4482-941D-D965BF27AFEC}.Release|Any CPU.ActiveCfg = Release|Any CPU
		{2A0E59EE-575E-4482-941D-D965BF27AFEC}.Release|Any CPU.Build.0 = Release|Any CPU
	EndGlobalSection
	GlobalSection(SolutionProperties) = preSolution
		HideSolutionNode = FALSE
	EndGlobalSection
	GlobalSection(ExtensibilityGlobals) = postSolution
		SolutionGuid = {ACF0DA2E-E64C-407F-81D2-43E73D65D540}
	EndGlobalSection
EndGlobal
